Microsoft Visual Studio Solution File, Format Version 12.00
# Visual Studio Version 17
VisualStudioVersion = 17.5.2.0
MinimumVisualStudioVersion = 10.0.40219.1
Project("{FAE04EC0-301F-11D3-BF4B-00C04F79EFBC}") = "GestionProAPI", "GestionProAPI.csproj", "{277D7FE2-8982-B414-404A-40C0E33C3E59}"
EndProject
Global
	GlobalSection(SolutionConfigurationPlatforms) = preSolution
		Debug|Any CPU = Debug|Any CPU
		Release|Any CPU = Release|Any CPU
	EndGlobalSection
	GlobalSection(ProjectConfigurationPlatforms) = postSolution
		{277D7FE2-8982-B414-404A-40C0E33C3E59}.Debug|Any CPU.ActiveCfg = Debug|Any CPU
		{277D7FE2-8982-B414-404A-40C0E33C3E59}.Debug|Any CPU.Build.0 = Debug|Any CPU
		{277D7FE2-8982-B414-404A-40C0E33C3E59}.Release|Any CPU.ActiveCfg = Release|Any CPU
		{277D7FE2-8982-B414-404A-40C0E33C3E59}.Release|Any CPU.Build.0 = Release|Any CPU
	EndGlobalSection
	GlobalSection(SolutionProperties) = preSolution
		HideSolutionNode = FALSE
	EndGlobalSection
	GlobalSection(ExtensibilityGlobals) = postSolution
		SolutionGuid = {DD5BB463-1967-4DAA-BC7F-103F37705954}
	EndGlobalSection
EndGlobal
